# This file is autogenerated, do not edit; changes may be undone by the next 'dep ensure'.


[[projects]]
  branch = "master"
  digest = "1:f6ecdeceb64e02dcbfde0a26562e7fabe97988843e57c2fe314cf3f8e038a641"
  name = "golang.org/x/image"
  packages = [
    "draw",
    "math/f64",
  ]
  pruneopts = "UT"
  revision = "cff245a6509b8c4de022d0d5b9037c503c5989d6"

[solve-meta]
  analyzer-name = "dep"
  analyzer-version = 1
  input-imports = ["golang.org/x/image/draw"]
  solver-name = "gps-cdcl"
  solver-version = 1
